
Microsoft Visual Studio Solution File, Format Version 12.00
# Visual Studio 14
VisualStudioVersion = 14.0.24720.0
MinimumVisualStudioVersion = 10.0.40219.1
Project("{FAE04EC0-301F-11D3-BF4B-00C04F79EFBC}") = "Demo09_Hw03", "Demo09_Hw03\Demo09_Hw03.csproj", "{55B9027C-286E-4E5C-A4BA-DA8FEF54E2CB}"
EndProject
Project("{FAE04EC0-301F-11D3-BF4B-00C04F79EFBC}") = "Demo10_Hw01", "Demo10_Hw01\Demo10_Hw01.csproj", "{42968F82-3571-4A35-9B33-E013C292CBFC}"
EndProject
Project("{FAE04EC0-301F-11D3-BF4B-00C04F79EFBC}") = "Demo10_Hw02", "Demo10_Hw02\Demo10_Hw02.csproj", "{4FD4912B-DDC6-4A79-B337-DE283BB6414F}"
EndProject
Project("{FAE04EC0-301F-11D3-BF4B-00C04F79EFBC}") = "Demo10_Hw03", "Demo10_Hw03\Demo10_Hw03.csproj", "{D4D5F794-3D1C-4773-A866-369009B3D052}"
EndProject
Project("{FAE04EC0-301F-11D3-BF4B-00C04F79EFBC}") = "Demo10_Hw04", "Demo10_Hw04\Demo10_Hw04.csproj", "{9057A1B5-EFFE-4821-9572-CE7FCA74A749}"
EndProject
Global
	GlobalSection(SolutionConfigurationPlatforms) = preSolution
		Debug|ARM = Debug|ARM
		Debug|x64 = Debug|x64
		Debug|x86 = Debug|x86
		Release|ARM = Release|ARM
		Release|x64 = Release|x64
		Release|x86 = Release|x86
	EndGlobalSection
	GlobalSection(ProjectConfigurationPlatforms) = postSolution
		{55B9027C-286E-4E5C-A4BA-DA8FEF54E2CB}.Debug|ARM.ActiveCfg = Debug|ARM
		{55B9027C-286E-4E5C-A4BA-DA8FEF54E2CB}.Debug|ARM.Build.0 = Debug|ARM
		{55B9027C-286E-4E5C-A4BA-DA8FEF54E2CB}.Debug|ARM.Deploy.0 = Debug|ARM
		{55B9027C-286E-4E5C-A4BA-DA8FEF54E2CB}.Debug|x64.ActiveCfg = Debug|x64
		{55B9027C-286E-4E5C-A4BA-DA8FEF54E2CB}.Debug|x64.Build.0 = Debug|x64
		{55B9027C-286E-4E5C-A4BA-DA8FEF54E2CB}.Debug|x64.Deploy.0 = Debug|x64
		{55B9027C-286E-4E5C-A4BA-DA8FEF54E2CB}.Debug|x86.ActiveCfg = Debug|x86
		{55B9027C-286E-4E5C-A4BA-DA8FEF54E2CB}.Debug|x86.Build.0 = Debug|x86
		{55B9027C-286E-4E5C-A4BA-DA8FEF54E2CB}.Debug|x86.Deploy.0 = Debug|x86
		{55B9027C-286E-4E5C-A4BA-DA8FEF54E2CB}.Release|ARM.ActiveCfg = Release|ARM
		{55B9027C-286E-4E5C-A4BA-DA8FEF54E2CB}.Release|ARM.Build.0 = Release|ARM
		{55B9027C-286E-4E5C-A4BA-DA8FEF54E2CB}.Release|ARM.Deploy.0 = Release|ARM
		{55B9027C-286E-4E5C-A4BA-DA8FEF54E2CB}.Release|x64.ActiveCfg = Release|x64
		{55B9027C-286E-4E5C-A4BA-DA8FEF54E2CB}.Release|x64.Build.0 = Release|x64
		{55B9027C-286E-4E5C-A4BA-DA8FEF54E2CB}.Release|x64.Deploy.0 = Release|x64
		{55B9027C-286E-4E5C-A4BA-DA8FEF54E2CB}.Release|x86.ActiveCfg = Release|x86
		{55B9027C-286E-4E5C-A4BA-DA8FEF54E2CB}.Release|x86.Build.0 = Release|x86
		{55B9027C-286E-4E5C-A4BA-DA8FEF54E2CB}.Release|x86.Deploy.0 = Release|x86
		{42968F82-3571-4A35-9B33-E013C292CBFC}.Debug|ARM.ActiveCfg = Debug|ARM
		{42968F82-3571-4A35-9B33-E013C292CBFC}.Debug|ARM.Build.0 = Debug|ARM
		{42968F82-3571-4A35-9B33-E013C292CBFC}.Debug|ARM.Deploy.0 = Debug|ARM
		{42968F82-3571-4A35-9B33-E013C292CBFC}.Debug|x64.ActiveCfg = Debug|x64
		{42968F82-3571-4A35-9B33-E013C292CBFC}.Debug|x64.Build.0 = Debug|x64
		{42968F82-3571-4A35-9B33-E013C292CBFC}.Debug|x64.Deploy.0 = Debug|x64
		{42968F82-3571-4A35-9B33-E013C292CBFC}.Debug|x86.ActiveCfg = Debug|x86
		{42968F82-3571-4A35-9B33-E013C292CBFC}.Debug|x86.Build.0 = Debug|x86
		{42968F82-3571-4A35-9B33-E013C292CBFC}.Debug|x86.Deploy.0 = Debug|x86
		{42968F82-3571-4A35-9B33-E013C292CBFC}.Release|ARM.ActiveCfg = Release|ARM
		{42968F82-3571-4A35-9B33-E013C292CBFC}.Release|ARM.Build.0 = Release|ARM
		{42968F82-3571-4A35-9B33-E013C292CBFC}.Release|ARM.Deploy.0 = Release|ARM
		{42968F82-3571-4A35-9B33-E013C292CBFC}.Release|x64.ActiveCfg = Release|x64
		{42968F82-3571-4A35-9B33-E013C292CBFC}.Release|x64.Build.0 = Release|x64
		{42968F82-3571-4A35-9B33-E013C292CBFC}.Release|x64.Deploy.0 = Release|x64
		{42968F82-3571-4A35-9B33-E013C292CBFC}.Release|x86.ActiveCfg = Release|x86
		{42968F82-3571-4A35-9B33-E013C292CBFC}.Release|x86.Build.0 = Release|x86
		{42968F82-3571-4A35-9B33-E013C292CBFC}.Release|x86.Deploy.0 = Release|x86
		{4FD4912B-DDC6-4A79-B337-DE283BB6414F}.Debug|ARM.ActiveCfg = Debug|ARM
		{4FD4912B-DDC6-4A79-B337-DE283BB6414F}.Debug|ARM.Build.0 = Debug|ARM
		{4FD4912B-DDC6-4A79-B337-DE283BB6414F}.Debug|ARM.Deploy.0 = Debug|ARM
		{4FD4912B-DDC6-4A79-B337-DE283BB6414F}.Debug|x64.ActiveCfg = Debug|x64
		{4FD4912B-DDC6-4A79-B337-DE283BB6414F}.Debug|x64.Build.0 = Debug|x64
		{4FD4912B-DDC6-4A79-B337-DE283BB6414F}.Debug|x64.Deploy.0 = Debug|x64
		{4FD4912B-DDC6-4A79-B337-DE283BB6414F}.Debug|x86.ActiveCfg = Debug|x86
		{4FD4912B-DDC6-4A79-B337-DE283BB6414F}.Debug|x86.Build.0 = Debug|x86
		{4FD4912B-DDC6-4A79-B337-DE283BB6414F}.Debug|x86.Deploy.0 = Debug|x86
		{4FD4912B-DDC6-4A79-B337-DE283BB6414F}.Release|ARM.ActiveCfg = Release|ARM
		{4FD4912B-DDC6-4A79-B337-DE283BB6414F}.Release|ARM.Build.0 = Release|ARM
		{4FD4912B-DDC6-4A79-B337-DE283BB6414F}.Release|ARM.Deploy.0 = Release|ARM
		{4FD4912B-DDC6-4A79-B337-DE283BB6414F}.Release|x64.ActiveCfg = Release|x64
		{4FD4912B-DDC6-4A79-B337-DE283BB6414F}.Release|x64.Build.0 = Release|x64
		{4FD4912B-DDC6-4A79-B337-DE283BB6414F}.Release|x64.Deploy.0 = Release|x64
		{4FD4912B-DDC6-4A79-B337-DE283BB6414F}.Release|x86.ActiveCfg = Release|x86
		{4FD4912B-DDC6-4A79-B337-DE283BB6414F}.Release|x86.Build.0 = Release|x86
		{4FD4912B-DDC6-4A79-B337-DE283BB6414F}.Release|x86.Deploy.0 = Release|x86
		{D4D5F794-3D1C-4773-A866-369009B3D052}.Debug|ARM.ActiveCfg = Debug|ARM
		{D4D5F794-3D1C-4773-A866-369009B3D052}.Debug|ARM.Build.0 = Debug|ARM
		{D4D5F794-3D1C-4773-A866-369009B3D052}.Debug|ARM.Deploy.0 = Debug|ARM
		{D4D5F794-3D1C-4773-A866-369009B3D052}.Debug|x64.ActiveCfg = Debug|x64
		{D4D5F794-3D1C-4773-A866-369009B3D052}.Debug|x64.Build.0 = Debug|x64
		{D4D5F794-3D1C-4773-A866-369009B3D052}.Debug|x64.Deploy.0 = Debug|x64
		{D4D5F794-3D1C-4773-A866-369009B3D052}.Debug|x86.ActiveCfg = Debug|x86
		{D4D5F794-3D1C-4773-A866-369009B3D052}.Debug|x86.Build.0 = Debug|x86
		{D4D5F794-3D1C-4773-A866-369009B3D052}.Debug|x86.Deploy.0 = Debug|x86
		{D4D5F794-3D1C-4773-A866-369009B3D052}.Release|ARM.ActiveCfg = Release|ARM
		{D4D5F794-3D1C-4773-A866-369009B3D052}.Release|ARM.Build.0 = Release|ARM
		{D4D5F794-3D1C-4773-A866-369009B3D052}.Release|ARM.Deploy.0 = Release|ARM
		{D4D5F794-3D1C-4773-A866-369009B3D052}.Release|x64.ActiveCfg = Release|x64
		{D4D5F794-3D1C-4773-A866-369009B3D052}.Release|x64.Build.0 = Release|x64
		{D4D5F794-3D1C-4773-A866-369009B3D052}.Release|x64.Deploy.0 = Release|x64
		{D4D5F794-3D1C-4773-A866-369009B3D052}.Release|x86.ActiveCfg = Release|x86
		{D4D5F794-3D1C-4773-A866-369009B3D052}.Release|x86.Build.0 = Release|x86
		{D4D5F794-3D1C-4773-A866-369009B3D052}.Release|x86.Deploy.0 = Release|x86
		{9057A1B5-EFFE-4821-9572-CE7FCA74A749}.Debug|ARM.ActiveCfg = Debug|ARM
		{9057A1B5-EFFE-4821-9572-CE7FCA74A749}.Debug|ARM.Build.0 = Debug|ARM
		{9057A1B5-EFFE-4821-9572-CE7FCA74A749}.Debug|ARM.Deploy.0 = Debug|ARM
		{9057A1B5-EFFE-4821-9572-CE7FCA74A749}.Debug|x64.ActiveCfg = Debug|x64
		{9057A1B5-EFFE-4821-9572-CE7FCA74A749}.Debug|x64.Build.0 = Debug|x64
		{9057A1B5-EFFE-4821-9572-CE7FCA74A749}.Debug|x64.Deploy.0 = Debug|x64
		{9057A1B5-EFFE-4821-9572-CE7FCA74A749}.Debug|x86.ActiveCfg = Debug|x86
		{9057A1B5-EFFE-4821-9572-CE7FCA74A749}.Debug|x86.Build.0 = Debug|x86
		{9057A1B5-EFFE-4821-9572-CE7FCA74A749}.Debug|x86.Deploy.0 = Debug|x86
		{9057A1B5-EFFE-4821-9572-CE7FCA74A749}.Release|ARM.ActiveCfg = Release|ARM
		{9057A1B5-EFFE-4821-9572-CE7FCA74A749}.Release|ARM.Build.0 = Release|ARM
		{9057A1B5-EFFE-4821-9572-CE7FCA74A749}.Release|ARM.Deploy.0 = Release|ARM
		{9057A1B5-EFFE-4821-9572-CE7FCA74A749}.Release|x64.ActiveCfg = Release|x64
		{9057A1B5-EFFE-4821-9572-CE7FCA74A749}.Release|x64.Build.0 = Release|x64
		{9057A1B5-EFFE-4821-9572-CE7FCA74A749}.Release|x64.Deploy.0 = Release|x64
		{9057A1B5-EFFE-4821-9572-CE7FCA74A749}.Release|x86.ActiveCfg = Release|x86
		{9057A1B5-EFFE-4821-9572-CE7FCA74A749}.Release|x86.Build.0 = Release|x86
		{9057A1B5-EFFE-4821-9572-CE7FCA74A749}.Release|x86.Deploy.0 = Release|x86
	EndGlobalSection
	GlobalSection(SolutionProperties) = preSolution
		HideSolutionNode = FALSE
	EndGlobalSection
EndGlobal
