
Microsoft Visual Studio Solution File, Format Version 12.00
# Visual Studio 14
VisualStudioVersion = 14.0.24720.0
MinimumVisualStudioVersion = 10.0.40219.1
Project("{FAE04EC0-301F-11D3-BF4B-00C04F79EFBC}") = "Demo03", "Demo03\Demo03.csproj", "{610501D6-0F48-4911-8B9D-59943046C527}"
EndProject
Project("{FAE04EC0-301F-11D3-BF4B-00C04F79EFBC}") = "Demo04_Hw06", "Demo04_Hw06\Demo04_Hw06.csproj", "{99026B24-1EDE-435B-9056-FB7F7BD60F59}"
EndProject
Project("{FAE04EC0-301F-11D3-BF4B-00C04F79EFBC}") = "Demo04_Hw07", "Demo04_Hw07\Demo04_Hw07.csproj", "{09F662A6-EB93-4118-A6B5-8A554A87C75C}"
EndProject
Project("{FAE04EC0-301F-11D3-BF4B-00C04F79EFBC}") = "Demo04_Hw05", "Demo04_Hw05\Demo04_Hw05.csproj", "{E41A7549-1B74-4D23-A4A5-BD62D75AEF15}"
EndProject
Project("{FAE04EC0-301F-11D3-BF4B-00C04F79EFBC}") = "RandomLearning", "Random\RandomLearning.csproj", "{9261F588-ADC0-42E3-80F1-C914F20D04D7}"
EndProject
Project("{FAE04EC0-301F-11D3-BF4B-00C04F79EFBC}") = "Demo05_Hw04", "Demo05_Hw04\Demo05_Hw04.csproj", "{2354D1CE-5245-4882-80CA-127148B60C1C}"
EndProject
Project("{FAE04EC0-301F-11D3-BF4B-00C04F79EFBC}") = "Demo06_Hw02", "Demo06_Hw02\Demo06_Hw02.csproj", "{F91E60F6-C959-4EC7-88AE-377DFF16DAD8}"
EndProject
Project("{FAE04EC0-301F-11D3-BF4B-00C04F79EFBC}") = "Demo06_Hw03", "Demo06_Hw03\Demo06_Hw03.csproj", "{9A9B3A6A-2885-41AD-9357-0B0897083F9C}"
EndProject
Project("{FAE04EC0-301F-11D3-BF4B-00C04F79EFBC}") = "Demo07_Hw02", "Demo07_Hw02\Demo07_Hw02.csproj", "{0524C582-2490-451F-907B-44A4C7294335}"
EndProject
Project("{FAE04EC0-301F-11D3-BF4B-00C04F79EFBC}") = "Demo07_Hw03", "Demo07_Hw03\Demo07_Hw03.csproj", "{3BDEF14F-99E7-4D87-9436-F798A9242145}"
EndProject
Project("{FAE04EC0-301F-11D3-BF4B-00C04F79EFBC}") = "Demo08_Hw01", "Demo08_Hw01\Demo08_Hw01.csproj", "{1F010840-FA96-4F20-81EF-D64C30CA6172}"
EndProject
Project("{FAE04EC0-301F-11D3-BF4B-00C04F79EFBC}") = "Demo08_Hw02", "Demo08_Hw02\Demo08_Hw02.csproj", "{39643EE6-86DC-414D-B132-3A357BED885F}"
EndProject
Project("{FAE04EC0-301F-11D3-BF4B-00C04F79EFBC}") = "Demo08_Hw05", "Demo08_Hw05\Demo08_Hw05.csproj", "{D3DB40BC-F6C5-4004-97E9-54668CEEE965}"
EndProject
Project("{FAE04EC0-301F-11D3-BF4B-00C04F79EFBC}") = "Demo08_Hw06", "Demo08_Hw06\Demo08_Hw06.csproj", "{25C805EF-ACAD-452D-9476-3643E61C8C9B}"
EndProject
Global
	GlobalSection(SolutionConfigurationPlatforms) = preSolution
		Debug|Any CPU = Debug|Any CPU
		Release|Any CPU = Release|Any CPU
	EndGlobalSection
	GlobalSection(ProjectConfigurationPlatforms) = postSolution
		{610501D6-0F48-4911-8B9D-59943046C527}.Debug|Any CPU.ActiveCfg = Debug|Any CPU
		{610501D6-0F48-4911-8B9D-59943046C527}.Debug|Any CPU.Build.0 = Debug|Any CPU
		{610501D6-0F48-4911-8B9D-59943046C527}.Release|Any CPU.ActiveCfg = Release|Any CPU
		{610501D6-0F48-4911-8B9D-59943046C527}.Release|Any CPU.Build.0 = Release|Any CPU
		{99026B24-1EDE-435B-9056-FB7F7BD60F59}.Debug|Any CPU.ActiveCfg = Debug|Any CPU
		{99026B24-1EDE-435B-9056-FB7F7BD60F59}.Debug|Any CPU.Build.0 = Debug|Any CPU
		{99026B24-1EDE-435B-9056-FB7F7BD60F59}.Release|Any CPU.ActiveCfg = Release|Any CPU
		{99026B24-1EDE-435B-9056-FB7F7BD60F59}.Release|Any CPU.Build.0 = Release|Any CPU
		{09F662A6-EB93-4118-A6B5-8A554A87C75C}.Debug|Any CPU.ActiveCfg = Debug|Any CPU
		{09F662A6-EB93-4118-A6B5-8A554A87C75C}.Debug|Any CPU.Build.0 = Debug|Any CPU
		{09F662A6-EB93-4118-A6B5-8A554A87C75C}.Release|Any CPU.ActiveCfg = Release|Any CPU
		{09F662A6-EB93-4118-A6B5-8A554A87C75C}.Release|Any CPU.Build.0 = Release|Any CPU
		{E41A7549-1B74-4D23-A4A5-BD62D75AEF15}.Debug|Any CPU.ActiveCfg = Debug|Any CPU
		{E41A7549-1B74-4D23-A4A5-BD62D75AEF15}.Debug|Any CPU.Build.0 = Debug|Any CPU
		{E41A7549-1B74-4D23-A4A5-BD62D75AEF15}.Release|Any CPU.ActiveCfg = Release|Any CPU
		{E41A7549-1B74-4D23-A4A5-BD62D75AEF15}.Release|Any CPU.Build.0 = Release|Any CPU
		{9261F588-ADC0-42E3-80F1-C914F20D04D7}.Debug|Any CPU.ActiveCfg = Debug|Any CPU
		{9261F588-ADC0-42E3-80F1-C914F20D04D7}.Debug|Any CPU.Build.0 = Debug|Any CPU
		{9261F588-ADC0-42E3-80F1-C914F20D04D7}.Release|Any CPU.ActiveCfg = Release|Any CPU
		{9261F588-ADC0-42E3-80F1-C914F20D04D7}.Release|Any CPU.Build.0 = Release|Any CPU
		{2354D1CE-5245-4882-80CA-127148B60C1C}.Debug|Any CPU.ActiveCfg = Debug|Any CPU
		{2354D1CE-5245-4882-80CA-127148B60C1C}.Debug|Any CPU.Build.0 = Debug|Any CPU
		{2354D1CE-5245-4882-80CA-127148B60C1C}.Release|Any CPU.ActiveCfg = Release|Any CPU
		{2354D1CE-5245-4882-80CA-127148B60C1C}.Release|Any CPU.Build.0 = Release|Any CPU
		{F91E60F6-C959-4EC7-88AE-377DFF16DAD8}.Debug|Any CPU.ActiveCfg = Debug|Any CPU
		{F91E60F6-C959-4EC7-88AE-377DFF16DAD8}.Debug|Any CPU.Build.0 = Debug|Any CPU
		{F91E60F6-C959-4EC7-88AE-377DFF16DAD8}.Release|Any CPU.ActiveCfg = Release|Any CPU
		{F91E60F6-C959-4EC7-88AE-377DFF16DAD8}.Release|Any CPU.Build.0 = Release|Any CPU
		{9A9B3A6A-2885-41AD-9357-0B0897083F9C}.Debug|Any CPU.ActiveCfg = Debug|Any CPU
		{9A9B3A6A-2885-41AD-9357-0B0897083F9C}.Debug|Any CPU.Build.0 = Debug|Any CPU
		{9A9B3A6A-2885-41AD-9357-0B0897083F9C}.Release|Any CPU.ActiveCfg = Release|Any CPU
		{9A9B3A6A-2885-41AD-9357-0B0897083F9C}.Release|Any CPU.Build.0 = Release|Any CPU
		{0524C582-2490-451F-907B-44A4C7294335}.Debug|Any CPU.ActiveCfg = Debug|Any CPU
		{0524C582-2490-451F-907B-44A4C7294335}.Debug|Any CPU.Build.0 = Debug|Any CPU
		{0524C582-2490-451F-907B-44A4C7294335}.Release|Any CPU.ActiveCfg = Release|Any CPU
		{0524C582-2490-451F-907B-44A4C7294335}.Release|Any CPU.Build.0 = Release|Any CPU
		{3BDEF14F-99E7-4D87-9436-F798A9242145}.Debug|Any CPU.ActiveCfg = Debug|Any CPU
		{3BDEF14F-99E7-4D87-9436-F798A9242145}.Debug|Any CPU.Build.0 = Debug|Any CPU
		{3BDEF14F-99E7-4D87-9436-F798A9242145}.Release|Any CPU.ActiveCfg = Release|Any CPU
		{3BDEF14F-99E7-4D87-9436-F798A9242145}.Release|Any CPU.Build.0 = Release|Any CPU
		{1F010840-FA96-4F20-81EF-D64C30CA6172}.Debug|Any CPU.ActiveCfg = Debug|Any CPU
		{1F010840-FA96-4F20-81EF-D64C30CA6172}.Debug|Any CPU.Build.0 = Debug|Any CPU
		{1F010840-FA96-4F20-81EF-D64C30CA6172}.Release|Any CPU.ActiveCfg = Release|Any CPU
		{1F010840-FA96-4F20-81EF-D64C30CA6172}.Release|Any CPU.Build.0 = Release|Any CPU
		{39643EE6-86DC-414D-B132-3A357BED885F}.Debug|Any CPU.ActiveCfg = Debug|Any CPU
		{39643EE6-86DC-414D-B132-3A357BED885F}.Debug|Any CPU.Build.0 = Debug|Any CPU
		{39643EE6-86DC-414D-B132-3A357BED885F}.Release|Any CPU.ActiveCfg = Release|Any CPU
		{39643EE6-86DC-414D-B132-3A357BED885F}.Release|Any CPU.Build.0 = Release|Any CPU
		{D3DB40BC-F6C5-4004-97E9-54668CEEE965}.Debug|Any CPU.ActiveCfg = Debug|Any CPU
		{D3DB40BC-F6C5-4004-97E9-54668CEEE965}.Debug|Any CPU.Build.0 = Debug|Any CPU
		{D3DB40BC-F6C5-4004-97E9-54668CEEE965}.Release|Any CPU.ActiveCfg = Release|Any CPU
		{D3DB40BC-F6C5-4004-97E9-54668CEEE965}.Release|Any CPU.Build.0 = Release|Any CPU
		{25C805EF-ACAD-452D-9476-3643E61C8C9B}.Debug|Any CPU.ActiveCfg = Debug|Any CPU
		{25C805EF-ACAD-452D-9476-3643E61C8C9B}.Debug|Any CPU.Build.0 = Debug|Any CPU
		{25C805EF-ACAD-452D-9476-3643E61C8C9B}.Release|Any CPU.ActiveCfg = Release|Any CPU
		{25C805EF-ACAD-452D-9476-3643E61C8C9B}.Release|Any CPU.Build.0 = Release|Any CPU
	EndGlobalSection
	GlobalSection(SolutionProperties) = preSolution
		HideSolutionNode = FALSE
	EndGlobalSection
EndGlobal
