
Microsoft Visual Studio Solution File, Format Version 12.00
# Visual Studio 14
VisualStudioVersion = 14.0.23107.0
MinimumVisualStudioVersion = 10.0.40219.1
Project("{FAE04EC0-301F-11D3-BF4B-00C04F79EFBC}") = "Demo03", "Demo03\Demo03.csproj", "{610501D6-0F48-4911-8B9D-59943046C527}"
EndProject
Project("{FAE04EC0-301F-11D3-BF4B-00C04F79EFBC}") = "Demo04_Hw06", "Demo04_Hw06\Demo04_Hw06.csproj", "{99026B24-1EDE-435B-9056-FB7F7BD60F59}"
EndProject
Project("{FAE04EC0-301F-11D3-BF4B-00C04F79EFBC}") = "Demo04_Hw07", "Demo04_Hw07\Demo04_Hw07.csproj", "{09F662A6-EB93-4118-A6B5-8A554A87C75C}"
EndProject
Project("{FAE04EC0-301F-11D3-BF4B-00C04F79EFBC}") = "Demo04_Hw05", "Demo04_Hw05\Demo04_Hw05.csproj", "{E41A7549-1B74-4D23-A4A5-BD62D75AEF15}"
EndProject
Project("{FAE04EC0-301F-11D3-BF4B-00C04F79EFBC}") = "RandomLearning", "Random\RandomLearning.csproj", "{9261F588-ADC0-42E3-80F1-C914F20D04D7}"
EndProject
Project("{FAE04EC0-301F-11D3-BF4B-00C04F79EFBC}") = "Demo05_Hw04", "Demo05_Hw04\Demo05_Hw04.csproj", "{2354D1CE-5245-4882-80CA-127148B60C1C}"
EndProject
Global
	GlobalSection(SolutionConfigurationPlatforms) = preSolution
		Debug|Any CPU = Debug|Any CPU
		Release|Any CPU = Release|Any CPU
	EndGlobalSection
	GlobalSection(ProjectConfigurationPlatforms) = postSolution
		{610501D6-0F48-4911-8B9D-59943046C527}.Debug|Any CPU.ActiveCfg = Debug|Any CPU
		{610501D6-0F48-4911-8B9D-59943046C527}.Debug|Any CPU.Build.0 = Debug|Any CPU
		{610501D6-0F48-4911-8B9D-59943046C527}.Release|Any CPU.ActiveCfg = Release|Any CPU
		{610501D6-0F48-4911-8B9D-59943046C527}.Release|Any CPU.Build.0 = Release|Any CPU
		{99026B24-1EDE-435B-9056-FB7F7BD60F59}.Debug|Any CPU.ActiveCfg = Debug|Any CPU
		{99026B24-1EDE-435B-9056-FB7F7BD60F59}.Debug|Any CPU.Build.0 = Debug|Any CPU
		{99026B24-1EDE-435B-9056-FB7F7BD60F59}.Release|Any CPU.ActiveCfg = Release|Any CPU
		{99026B24-1EDE-435B-9056-FB7F7BD60F59}.Release|Any CPU.Build.0 = Release|Any CPU
		{09F662A6-EB93-4118-A6B5-8A554A87C75C}.Debug|Any CPU.ActiveCfg = Debug|Any CPU
		{09F662A6-EB93-4118-A6B5-8A554A87C75C}.Debug|Any CPU.Build.0 = Debug|Any CPU
		{09F662A6-EB93-4118-A6B5-8A554A87C75C}.Release|Any CPU.ActiveCfg = Release|Any CPU
		{09F662A6-EB93-4118-A6B5-8A554A87C75C}.Release|Any CPU.Build.0 = Release|Any CPU
		{E41A7549-1B74-4D23-A4A5-BD62D75AEF15}.Debug|Any CPU.ActiveCfg = Debug|Any CPU
		{E41A7549-1B74-4D23-A4A5-BD62D75AEF15}.Debug|Any CPU.Build.0 = Debug|Any CPU
		{E41A7549-1B74-4D23-A4A5-BD62D75AEF15}.Release|Any CPU.ActiveCfg = Release|Any CPU
		{E41A7549-1B74-4D23-A4A5-BD62D75AEF15}.Release|Any CPU.Build.0 = Release|Any CPU
		{9261F588-ADC0-42E3-80F1-C914F20D04D7}.Debug|Any CPU.ActiveCfg = Debug|Any CPU
		{9261F588-ADC0-42E3-80F1-C914F20D04D7}.Debug|Any CPU.Build.0 = Debug|Any CPU
		{9261F588-ADC0-42E3-80F1-C914F20D04D7}.Release|Any CPU.ActiveCfg = Release|Any CPU
		{9261F588-ADC0-42E3-80F1-C914F20D04D7}.Release|Any CPU.Build.0 = Release|Any CPU
		{2354D1CE-5245-4882-80CA-127148B60C1C}.Debug|Any CPU.ActiveCfg = Debug|Any CPU
		{2354D1CE-5245-4882-80CA-127148B60C1C}.Debug|Any CPU.Build.0 = Debug|Any CPU
		{2354D1CE-5245-4882-80CA-127148B60C1C}.Release|Any CPU.ActiveCfg = Release|Any CPU
		{2354D1CE-5245-4882-80CA-127148B60C1C}.Release|Any CPU.Build.0 = Release|Any CPU
	EndGlobalSection
	GlobalSection(SolutionProperties) = preSolution
		HideSolutionNode = FALSE
	EndGlobalSection
EndGlobal
